
Microsoft Visual Studio Solution File, Format Version 12.00
# Visual Studio Version 17
VisualStudioVersion = 17.7.34221.43
MinimumVisualStudioVersion = 10.0.40219.1
Project("{FAE04EC0-301F-11D3-BF4B-00C04F79EFBC}") = "proj-casa-dos-dados", "proj-casa-dos-dados\proj-casa-dos-dados.csproj", "{CF168850-BCF4-4E85-972A-C5DB60AC7A96}"
EndProject
Global
	GlobalSection(SolutionConfigurationPlatforms) = preSolution
		Debug|Any CPU = Debug|Any CPU
		Release|Any CPU = Release|Any CPU
	EndGlobalSection
	GlobalSection(ProjectConfigurationPlatforms) = postSolution
		{CF168850-BCF4-4E85-972A-C5DB60AC7A96}.Debug|Any CPU.ActiveCfg = Debug|Any CPU
		{CF168850-BCF4-4E85-972A-C5DB60AC7A96}.Debug|Any CPU.Build.0 = Debug|Any CPU
		{CF168850-BCF4-4E85-972A-C5DB60AC7A96}.Release|Any CPU.ActiveCfg = Release|Any CPU
		{CF168850-BCF4-4E85-972A-C5DB60AC7A96}.Release|Any CPU.Build.0 = Release|Any CPU
	EndGlobalSection
	GlobalSection(SolutionProperties) = preSolution
		HideSolutionNode = FALSE
	EndGlobalSection
	GlobalSection(ExtensibilityGlobals) = postSolution
		SolutionGuid = {E9B44A6C-F5AD-46C9-AB8D-DA93041A8946}
	EndGlobalSection
EndGlobal
